
Microsoft Visual Studio Solution File, Format Version 12.00
# Visual Studio Version 17
VisualStudioVersion = 17.4.33213.308
MinimumVisualStudioVersion = 10.0.40219.1
Project("{FAE04EC0-301F-11D3-BF4B-00C04F79EFBC}") = "MoviesApp", "MoviesApp\MoviesApp.csproj", "{7C7E1D1A-6F96-43DC-9CF8-A47A71FD8AEF}"
EndProject
Global
	GlobalSection(SolutionConfigurationPlatforms) = preSolution
		Debug|Any CPU = Debug|Any CPU
		Release|Any CPU = Release|Any CPU
	EndGlobalSection
	GlobalSection(ProjectConfigurationPlatforms) = postSolution
		{7C7E1D1A-6F96-43DC-9CF8-A47A71FD8AEF}.Debug|Any CPU.ActiveCfg = Debug|Any CPU
		{7C7E1D1A-6F96-43DC-9CF8-A47A71FD8AEF}.Debug|Any CPU.Build.0 = Debug|Any CPU
		{7C7E1D1A-6F96-43DC-9CF8-A47A71FD8AEF}.Release|Any CPU.ActiveCfg = Release|Any CPU
		{7C7E1D1A-6F96-43DC-9CF8-A47A71FD8AEF}.Release|Any CPU.Build.0 = Release|Any CPU
	EndGlobalSection
	GlobalSection(SolutionProperties) = preSolution
		HideSolutionNode = FALSE
	EndGlobalSection
	GlobalSection(ExtensibilityGlobals) = postSolution
		SolutionGuid = {7CB180F7-A91D-4C75-A1A9-EE97008C6CAA}
	EndGlobalSection
EndGlobal
